<?xml version="1.0" encoding="utf-8"?>
<Project ToolsVersion="4.0" xmlns="http://schemas.microsoft.com/developer/msbuild/2003">
  <ItemGroup>
    <ClCompile Include="..\..\src\main.cpp" />
    <ClCompile Include="..\..\src\GameSystem.cpp" />
    <ClCompile Include="..\..\src\Sprite.cpp" />
    <ClCompile Include="..\..\src\Vector2f.cpp" />
    <ClCompile Include="..\..\src\Boy.cpp" />
    <ClCompile Include="..\..\src\StaticObj.cpp" />
    <ClCompile Include="..\..\src\Monster.cpp" />
    <ClCompile Include="..\..\src\Furniture.cpp" />
  </ItemGroup>
  <ItemGroup>
    <ClInclude Include="..\..\src\ParticleSystem.h" />
    <ClInclude Include="..\..\src\GameSystem.h" />
    <ClInclude Include="..\..\src\Sprite.h" />
    <ClInclude Include="..\..\src\Vector2f.h" />
    <ClInclude Include="..\..\src\Boy.h" />
    <ClInclude Include="..\..\src\StaticObj.h" />
    <ClInclude Include="..\..\src\Monster.h" />
    <ClInclude Include="..\..\src\Furniture.h" />
  </ItemGroup>
</Project>